
Microsoft Visual Studio Solution File, Format Version 12.00
# Visual Studio Version 16
VisualStudioVersion = 16.0.30717.126
MinimumVisualStudioVersion = 10.0.40219.1
Project("{9A19103F-16F7-4668-BE54-9A1E7A4F7556}") = "TransactHangfire", "src\TransactHangfire.csproj", "{8F66DCF6-482E-4EFC-99A2-734C9A1D9E10}"
EndProject
Project("{2150E333-8FDC-42A3-9474-1A3956D46DE8}") = "Solution Items", "Solution Items", "{2A555261-B2C7-4F41-8F7A-0FFC36963121}"
	ProjectSection(SolutionItems) = preProject
		icon.png = icon.png
		LICENCE = LICENCE
		README.md = README.md
	EndProjectSection
EndProject
Global
	GlobalSection(SolutionConfigurationPlatforms) = preSolution
		Debug|Any CPU = Debug|Any CPU
		Release|Any CPU = Release|Any CPU
	EndGlobalSection
	GlobalSection(ProjectConfigurationPlatforms) = postSolution
		{8F66DCF6-482E-4EFC-99A2-734C9A1D9E10}.Debug|Any CPU.ActiveCfg = Debug|Any CPU
		{8F66DCF6-482E-4EFC-99A2-734C9A1D9E10}.Debug|Any CPU.Build.0 = Debug|Any CPU
		{8F66DCF6-482E-4EFC-99A2-734C9A1D9E10}.Release|Any CPU.ActiveCfg = Release|Any CPU
		{8F66DCF6-482E-4EFC-99A2-734C9A1D9E10}.Release|Any CPU.Build.0 = Release|Any CPU
	EndGlobalSection
	GlobalSection(SolutionProperties) = preSolution
		HideSolutionNode = FALSE
	EndGlobalSection
	GlobalSection(ExtensibilityGlobals) = postSolution
		SolutionGuid = {876A64A5-6C0D-4C6D-B856-69A2FAD36D80}
	EndGlobalSection
EndGlobal
